
Microsoft Visual Studio Solution File, Format Version 12.00
# Visual Studio Version 16
VisualStudioVersion = 16.0.33927.289
MinimumVisualStudioVersion = 10.0.40219.1
Project("{FAE04EC0-301F-11D3-BF4B-00C04F79EFBC}") = "Tumakov_Lab11", "Dz10\Tumakov_Lab11.csproj", "{E63BFFD5-A484-453B-AB24-9E9577AF0A78}"
EndProject
Project("{FAE04EC0-301F-11D3-BF4B-00C04F79EFBC}") = "Tumakov_Lab12", "Tumakov_Lab12\Tumakov_Lab12.csproj", "{BE7AD6F7-5112-4315-AB82-C5764C11B961}"
EndProject
Project("{FAE04EC0-301F-11D3-BF4B-00C04F79EFBC}") = "Task", "Task\Task.csproj", "{E205A452-AF01-43F3-B92B-754F14238A52}"
EndProject
Global
	GlobalSection(SolutionConfigurationPlatforms) = preSolution
		Debug|Any CPU = Debug|Any CPU
		Release|Any CPU = Release|Any CPU
	EndGlobalSection
	GlobalSection(ProjectConfigurationPlatforms) = postSolution
		{E63BFFD5-A484-453B-AB24-9E9577AF0A78}.Debug|Any CPU.ActiveCfg = Debug|Any CPU
		{E63BFFD5-A484-453B-AB24-9E9577AF0A78}.Debug|Any CPU.Build.0 = Debug|Any CPU
		{E63BFFD5-A484-453B-AB24-9E9577AF0A78}.Release|Any CPU.ActiveCfg = Release|Any CPU
		{E63BFFD5-A484-453B-AB24-9E9577AF0A78}.Release|Any CPU.Build.0 = Release|Any CPU
		{BE7AD6F7-5112-4315-AB82-C5764C11B961}.Debug|Any CPU.ActiveCfg = Debug|Any CPU
		{BE7AD6F7-5112-4315-AB82-C5764C11B961}.Debug|Any CPU.Build.0 = Debug|Any CPU
		{BE7AD6F7-5112-4315-AB82-C5764C11B961}.Release|Any CPU.ActiveCfg = Release|Any CPU
		{BE7AD6F7-5112-4315-AB82-C5764C11B961}.Release|Any CPU.Build.0 = Release|Any CPU
		{E205A452-AF01-43F3-B92B-754F14238A52}.Debug|Any CPU.ActiveCfg = Debug|Any CPU
		{E205A452-AF01-43F3-B92B-754F14238A52}.Debug|Any CPU.Build.0 = Debug|Any CPU
		{E205A452-AF01-43F3-B92B-754F14238A52}.Release|Any CPU.ActiveCfg = Release|Any CPU
		{E205A452-AF01-43F3-B92B-754F14238A52}.Release|Any CPU.Build.0 = Release|Any CPU
	EndGlobalSection
	GlobalSection(SolutionProperties) = preSolution
		HideSolutionNode = FALSE
	EndGlobalSection
	GlobalSection(ExtensibilityGlobals) = postSolution
		SolutionGuid = {F5B3C91E-D2BF-403A-88EA-062143F96BFD}
	EndGlobalSection
EndGlobal
